// !$*UTF8*$!
{
	archiveVersion = 1;
	classes = {
	};
	objectVersion = 50;
	objects = {

/* Begin PBXBuildFile section */
		3D84EC3A21B6F47A001FE7D6 /* AppDelegate.swift in Sources */ = {isa = PBXBuildFile; fileRef = 3D84EC3921B6F47A001FE7D6 /* AppDelegate.swift */; };
		3D84EC3C21B6F47A001FE7D6 /* ViewController.swift in Sources */ = {isa = PBXBuildFile; fileRef = 3D84EC3B21B6F47A001FE7D6 /* ViewController.swift */; };
		3D84EC3F21B6F47A001FE7D6 /* Main.storyboard in Resources */ = {isa = PBXBuildFile; fileRef = 3D84EC3D21B6F47A001FE7D6 /* Main.storyboard */; };
		3D84EC4121B6F47B001FE7D6 /* Assets.xcassets in Resources */ = {isa = PBXBuildFile; fileRef = 3D84EC4021B6F47B001FE7D6 /* Assets.xcassets */; };
		3D84EC4421B6F47B001FE7D6 /* LaunchScreen.storyboard in Resources */ = {isa = PBXBuildFile; fileRef = 3D84EC4221B6F47B001FE7D6 /* LaunchScreen.storyboard */; };
		3D84EC4C21B6F5F2001FE7D6 /* shape.swift in Sources */ = {isa = PBXBuildFile; fileRef = 3D84EC4B21B6F5F2001FE7D6 /* shape.swift */; };
		3D84EC4E21B6F619001FE7D6 /* Game.swift in Sources */ = {isa = PBXBuildFile; fileRef = 3D84EC4D21B6F619001FE7D6 /* Game.swift */; };
		3D84EC5621B6F6DB001FE7D6 /* circle.png in Resources */ = {isa = PBXBuildFile; fileRef = 3D84EC5021B6F6DB001FE7D6 /* circle.png */; };
		3D84EC5721B6F6DB001FE7D6 /* triangle.png in Resources */ = {isa = PBXBuildFile; fileRef = 3D84EC5121B6F6DB001FE7D6 /* triangle.png */; };
		3D84EC5821B6F6DB001FE7D6 /* rhombus in Resources */ = {isa = PBXBuildFile; fileRef = 3D84EC5221B6F6DB001FE7D6 /* rhombus */; };
		3D84EC5921B6F6DB001FE7D6 /* star.png in Resources */ = {isa = PBXBuildFile; fileRef = 3D84EC5321B6F6DB001FE7D6 /* star.png */; };
		3D84EC5A21B6F6DB001FE7D6 /* square.png in Resources */ = {isa = PBXBuildFile; fileRef = 3D84EC5421B6F6DB001FE7D6 /* square.png */; };
		3D84EC5B21B6F6DB001FE7D6 /* hexicon in Resources */ = {isa = PBXBuildFile; fileRef = 3D84EC5521B6F6DB001FE7D6 /* hexicon */; };
/* End PBXBuildFile section */

/* Begin PBXFileReference section */
		3D84EC3621B6F47A001FE7D6 /* Shape Matching.app */ = {isa = PBXFileReference; explicitFileType = wrapper.application; includeInIndex = 0; path = "Shape Matching.app"; sourceTree = BUILT_PRODUCTS_DIR; };
		3D84EC3921B6F47A001FE7D6 /* AppDelegate.swift */ = {isa = PBXFileReference; lastKnownFileType = sourcecode.swift; path = AppDelegate.swift; sourceTree = "<group>"; };
		3D84EC3B21B6F47A001FE7D6 /* ViewController.swift */ = {isa = PBXFileReference; lastKnownFileType = sourcecode.swift; path = ViewController.swift; sourceTree = "<group>"; };
		3D84EC3E21B6F47A001FE7D6 /* Base */ = {isa = PBXFileReference; lastKnownFileType = file.storyboard; name = Base; path = Base.lproj/Main.storyboard; sourceTree = "<group>"; };
		3D84EC4021B6F47B001FE7D6 /* Assets.xcassets */ = {isa = PBXFileReference; lastKnownFileType = folder.assetcatalog; path = Assets.xcassets; sourceTree = "<group>"; };
		3D84EC4321B6F47B001FE7D6 /* Base */ = {isa = PBXFileReference; lastKnownFileType = file.storyboard; name = Base; path = Base.lproj/LaunchScreen.storyboard; sourceTree = "<group>"; };
		3D84EC4521B6F47B001FE7D6 /* Info.plist */ = {isa = PBXFileReference; lastKnownFileType = text.plist.xml; path = Info.plist; sourceTree = "<group>"; };
		3D84EC4B21B6F5F2001FE7D6 /* shape.swift */ = {isa = PBXFileReference; lastKnownFileType = sourcecode.swift; path = shape.swift; sourceTree = "<group>"; };
		3D84EC4D21B6F619001FE7D6 /* Game.swift */ = {isa = PBXFileReference; lastKnownFileType = sourcecode.swift; path = Game.swift; sourceTree = "<group>"; };
		3D84EC5021B6F6DB001FE7D6 /* circle.png */ = {isa = PBXFileReference; lastKnownFileType = image.png; path = circle.png; sourceTree = "<group>"; };
		3D84EC5121B6F6DB001FE7D6 /* triangle.png */ = {isa = PBXFileReference; lastKnownFileType = image.png; path = triangle.png; sourceTree = "<group>"; };
		3D84EC5221B6F6DB001FE7D6 /* rhombus */ = {isa = PBXFileReference; lastKnownFileType = file; path = rhombus; sourceTree = "<group>"; };
		3D84EC5321B6F6DB001FE7D6 /* star.png */ = {isa = PBXFileReference; lastKnownFileType = image.png; path = star.png; sourceTree = "<group>"; };
		3D84EC5421B6F6DB001FE7D6 /* square.png */ = {isa = PBXFileReference; lastKnownFileType = image.png; path = square.png; sourceTree = "<group>"; };
		3D84EC5521B6F6DB001FE7D6 /* hexicon */ = {isa = PBXFileReference; lastKnownFileType = file; path = hexicon; sourceTree = "<group>"; };
/* End PBXFileReference section */

/* Begin PBXFrameworksBuildPhase section */
		3D84EC3321B6F47A001FE7D6 /* Frameworks */ = {
			isa = PBXFrameworksBuildPhase;
			buildActionMask = 2147483647;
			files = (
			);
			runOnlyForDeploymentPostprocessing = 0;
		};
/* End PBXFrameworksBuildPhase section */

/* Begin PBXGroup section */
		3D84EC2D21B6F47A001FE7D6 = {
			isa = PBXGroup;
			children = (
				3D84EC3821B6F47A001FE7D6 /* Shape Matching */,
				3D84EC3721B6F47A001FE7D6 /* Products */,
			);
			sourceTree = "<group>";
		};
		3D84EC3721B6F47A001FE7D6 /* Products */ = {
			isa = PBXGroup;
			children = (
				3D84EC3621B6F47A001FE7D6 /* Shape Matching.app */,
			);
			name = Products;
			sourceTree = "<group>";
		};
		3D84EC3821B6F47A001FE7D6 /* Shape Matching */ = {
			isa = PBXGroup;
			children = (
				3D84EC3921B6F47A001FE7D6 /* AppDelegate.swift */,
				3D84EC3B21B6F47A001FE7D6 /* ViewController.swift */,
				3D84EC4D21B6F619001FE7D6 /* Game.swift */,
				3D84EC4B21B6F5F2001FE7D6 /* shape.swift */,
				3D84EC3D21B6F47A001FE7D6 /* Main.storyboard */,
				3D84EC4021B6F47B001FE7D6 /* Assets.xcassets */,
				3D84EC4F21B6F6DB001FE7D6 /* Images */,
				3D84EC4221B6F47B001FE7D6 /* LaunchScreen.storyboard */,
				3D84EC4521B6F47B001FE7D6 /* Info.plist */,
			);
			path = "Shape Matching";
			sourceTree = "<group>";
		};
		3D84EC4F21B6F6DB001FE7D6 /* Images */ = {
			isa = PBXGroup;
			children = (
				3D84EC5021B6F6DB001FE7D6 /* circle.png */,
				3D84EC5121B6F6DB001FE7D6 /* triangle.png */,
				3D84EC5221B6F6DB001FE7D6 /* rhombus */,
				3D84EC5321B6F6DB001FE7D6 /* star.png */,
				3D84EC5421B6F6DB001FE7D6 /* square.png */,
				3D84EC5521B6F6DB001FE7D6 /* hexicon */,
			);
			path = Images;
			sourceTree = "<group>";
		};
/* End PBXGroup section */

/* Begin PBXNativeTarget section */
		3D84EC3521B6F47A001FE7D6 /* Shape Matching */ = {
			isa = PBXNativeTarget;
			buildConfigurationList = 3D84EC4821B6F47B001FE7D6 /* Build configuration list for PBXNativeTarget "Shape Matching" */;
			buildPhases = (
				3D84EC3221B6F47A001FE7D6 /* Sources */,
				3D84EC3321B6F47A001FE7D6 /* Frameworks */,
				3D84EC3421B6F47A001FE7D6 /* Resources */,
			);
			buildRules = (
			);
			dependencies = (
			);
			name = "Shape Matching";
			productName = "Shape Matching";
			productReference = 3D84EC3621B6F47A001FE7D6 /* Shape Matching.app */;
			productType = "com.apple.product-type.application";
		};
/* End PBXNativeTarget section */

/* Begin PBXProject section */
		3D84EC2E21B6F47A001FE7D6 /* Project object */ = {
			isa = PBXProject;
			attributes = {
				LastSwiftUpdateCheck = 1010;
				LastUpgradeCheck = 1010;
				ORGANIZATIONNAME = "Jamison Bunge";
				TargetAttributes = {
					3D84EC3521B6F47A001FE7D6 = {
						CreatedOnToolsVersion = 10.1;
					};
				};
			};
			buildConfigurationList = 3D84EC3121B6F47A001FE7D6 /* Build configuration list for PBXProject "Shape Matching" */;
			compatibilityVersion = "Xcode 9.3";
			developmentRegion = en;
			hasScannedForEncodings = 0;
			knownRegions = (
				en,
				Base,
			);
			mainGroup = 3D84EC2D21B6F47A001FE7D6;
			productRefGroup = 3D84EC3721B6F47A001FE7D6 /* Products */;
			projectDirPath = "";
			projectRoot = "";
			targets = (
				3D84EC3521B6F47A001FE7D6 /* Shape Matching */,
			);
		};
/* End PBXProject section */

/* Begin PBXResourcesBuildPhase section */
		3D84EC3421B6F47A001FE7D6 /* Resources */ = {
			isa = PBXResourcesBuildPhase;
			buildActionMask = 2147483647;
			files = (
				3D84EC4421B6F47B001FE7D6 /* LaunchScreen.storyboard in Resources */,
				3D84EC5721B6F6DB001FE7D6 /* triangle.png in Resources */,
				3D84EC4121B6F47B001FE7D6 /* Assets.xcassets in Resources */,
				3D84EC5821B6F6DB001FE7D6 /* rhombus in Resources */,
				3D84EC5921B6F6DB001FE7D6 /* star.png in Resources */,
				3D84EC3F21B6F47A001FE7D6 /* Main.storyboard in Resources */,
				3D84EC5B21B6F6DB001FE7D6 /* hexicon in Resources */,
				3D84EC5A21B6F6DB001FE7D6 /* square.png in Resources */,
				3D84EC5621B6F6DB001FE7D6 /* circle.png in Resources */,
			);
			runOnlyForDeploymentPostprocessing = 0;
		};
/* End PBXResourcesBuildPhase section */

/* Begin PBXSourcesBuildPhase section */
		3D84EC3221B6F47A001FE7D6 /* Sources */ = {
			isa = PBXSourcesBuildPhase;
			buildActionMask = 2147483647;
			files = (
				3D84EC3C21B6F47A001FE7D6 /* ViewController.swift in Sources */,
				3D84EC3A21B6F47A001FE7D6 /* AppDelegate.swift in Sources */,
				3D84EC4C21B6F5F2001FE7D6 /* shape.swift in Sources */,
				3D84EC4E21B6F619001FE7D6 /* Game.swift in Sources */,
			);
			runOnlyForDeploymentPostprocessing = 0;
		};
/* End PBXSourcesBuildPhase section */

/* Begin PBXVariantGroup section */
		3D84EC3D21B6F47A001FE7D6 /* Main.storyboard */ = {
			isa = PBXVariantGroup;
			children = (
				3D84EC3E21B6F47A001FE7D6 /* Base */,
			);
			name = Main.storyboard;
			sourceTree = "<group>";
		};
		3D84EC4221B6F47B001FE7D6 /* LaunchScreen.storyboard */ = {
			isa = PBXVariantGroup;
			children = (
				3D84EC4321B6F47B001FE7D6 /* Base */,
			);
			name = LaunchScreen.storyboard;
			sourceTree = "<group>";
		};
/* End PBXVariantGroup section */

/* Begin XCBuildConfiguration section */
		3D84EC4621B6F47B001FE7D6 /* Debug */ = {
			isa = XCBuildConfiguration;
			buildSettings = {
				ALWAYS_SEARCH_USER_PATHS = NO;
				CLANG_ANALYZER_NONNULL = YES;
				CLANG_ANALYZER_NUMBER_OBJECT_CONVERSION = YES_AGGRESSIVE;
				CLANG_CXX_LANGUAGE_STANDARD = "gnu++14";
				CLANG_CXX_LIBRARY = "libc++";
				CLANG_ENABLE_MODULES = YES;
				CLANG_ENABLE_OBJC_ARC = YES;
				CLANG_ENABLE_OBJC_WEAK = YES;
				CLANG_WARN_BLOCK_CAPTURE_AUTORELEASING = YES;
				CLANG_WARN_BOOL_CONVERSION = YES;
				CLANG_WARN_COMMA = YES;
				CLANG_WARN_CONSTANT_CONVERSION = YES;
				CLANG_WARN_DEPRECATED_OBJC_IMPLEMENTATIONS = YES;
				CLANG_WARN_DIRECT_OBJC_ISA_USAGE = YES_ERROR;
				CLANG_WARN_DOCUMENTATION_COMMENTS = YES;
				CLANG_WARN_EMPTY_BODY = YES;
				CLANG_WARN_ENUM_CONVERSION = YES;
				CLANG_WARN_INFINITE_RECURSION = YES;
				CLANG_WARN_INT_CONVERSION = YES;
				CLANG_WARN_NON_LITERAL_NULL_CONVERSION = YES;
				CLANG_WARN_OBJC_IMPLICIT_RETAIN_SELF = YES;
				CLANG_WARN_OBJC_LITERAL_CONVERSION = YES;
				CLANG_WARN_OBJC_ROOT_CLASS = YES_ERROR;
				CLANG_WARN_RANGE_LOOP_ANALYSIS = YES;
				CLANG_WARN_STRICT_PROTOTYPES = YES;
				CLANG_WARN_SUSPICIOUS_MOVE = YES;
				CLANG_WARN_UNGUARDED_AVAILABILITY = YES_AGGRESSIVE;
				CLANG_WARN_UNREACHABLE_CODE = YES;
				CLANG_WARN__DUPLICATE_METHOD_MATCH = YES;
				CODE_SIGN_IDENTITY = "iPhone Developer";
				COPY_PHASE_STRIP = NO;
				DEBUG_INFORMATION_FORMAT = dwarf;
				ENABLE_STRICT_OBJC_MSGSEND = YES;
				ENABLE_TESTABILITY = YES;
				GCC_C_LANGUAGE_STANDARD = gnu11;
				GCC_DYNAMIC_NO_PIC = NO;
				GCC_NO_COMMON_BLOCKS = YES;
				GCC_OPTIMIZATION_LEVEL = 0;
				GCC_PREPROCESSOR_DEFINITIONS = (
					"DEBUG=1",
					"$(inherited)",
				);
				GCC_WARN_64_TO_32_BIT_CONVERSION = YES;
				GCC_WARN_ABOUT_RETURN_TYPE = YES_ERROR;
				GCC_WARN_UNDECLARED_SELECTOR = YES;
				GCC_WARN_UNINITIALIZED_AUTOS = YES_AGGRESSIVE;
				GCC_WARN_UNUSED_FUNCTION = YES;
				GCC_WARN_UNUSED_VARIABLE = YES;
				IPHONEOS_DEPLOYMENT_TARGET = 12.1;
				MTL_ENABLE_DEBUG_INFO = INCLUDE_SOURCE;
				MTL_FAST_MATH = YES;
				ONLY_ACTIVE_ARCH = YES;
				SDKROOT = iphoneos;
				SWIFT_ACTIVE_COMPILATION_CONDITIONS = DEBUG;
				SWIFT_OPTIMIZATION_LEVEL = "-Onone";
			};
			name = Debug;
		};
		3D84EC4721B6F47B001FE7D6 /* Release */ = {
			isa = XCBuildConfiguration;
			buildSettings = {
				ALWAYS_SEARCH_USER_PATHS = NO;
				CLANG_ANALYZER_NONNULL = YES;
				CLANG_ANALYZER_NUMBER_OBJECT_CONVERSION = YES_AGGRESSIVE;
				CLANG_CXX_LANGUAGE_STANDARD = "gnu++14";
				CLANG_CXX_LIBRARY = "libc++";
				CLANG_ENABLE_MODULES = YES;
				CLANG_ENABLE_OBJC_ARC = YES;
				CLANG_ENABLE_OBJC_WEAK = YES;
				CLANG_WARN_BLOCK_CAPTURE_AUTORELEASING = YES;
				CLANG_WARN_BOOL_CONVERSION = YES;
				CLANG_WARN_COMMA = YES;
				CLANG_WARN_CONSTANT_CONVERSION = YES;
				CLANG_WARN_DEPRECATED_OBJC_IMPLEMENTATIONS = YES;
				CLANG_WARN_DIRECT_OBJC_ISA_USAGE = YES_ERROR;
				CLANG_WARN_DOCUMENTATION_COMMENTS = YES;
				CLANG_WARN_EMPTY_BODY = YES;
				CLANG_WARN_ENUM_CONVERSION = YES;
				CLANG_WARN_INFINITE_RECURSION = YES;
				CLANG_WARN_INT_CONVERSION = YES;
				CLANG_WARN_NON_LITERAL_NULL_CONVERSION = YES;
				CLANG_WARN_OBJC_IMPLICIT_RETAIN_SELF = YES;
				CLANG_WARN_OBJC_LITERAL_CONVERSION = YES;
				CLANG_WARN_OBJC_ROOT_CLASS = YES_ERROR;
				CLANG_WARN_RANGE_LOOP_ANALYSIS = YES;
				CLANG_WARN_STRICT_PROTOTYPES = YES;
				CLANG_WARN_SUSPICIOUS_MOVE = YES;
				CLANG_WARN_UNGUARDED_AVAILABILITY = YES_AGGRESSIVE;
				CLANG_WARN_UNREACHABLE_CODE = YES;
				CLANG_WARN__DUPLICATE_METHOD_MATCH = YES;
				CODE_SIGN_IDENTITY = "iPhone Developer";
				COPY_PHASE_STRIP = NO;
				DEBUG_INFORMATION_FORMAT = "dwarf-with-dsym";
				ENABLE_NS_ASSERTIONS = NO;
				ENABLE_STRICT_OBJC_MSGSEND = YES;
				GCC_C_LANGUAGE_STANDARD = gnu11;
				GCC_NO_COMMON_BLOCKS = YES;
				GCC_WARN_64_TO_32_BIT_CONVERSION = YES;
				GCC_WARN_ABOUT_RETURN_TYPE = YES_ERROR;
				GCC_WARN_UNDECLARED_SELECTOR = YES;
				GCC_WARN_UNINITIALIZED_AUTOS = YES_AGGRESSIVE;
				GCC_WARN_UNUSED_FUNCTION = YES;
				GCC_WARN_UNUSED_VARIABLE = YES;
				IPHONEOS_DEPLOYMENT_TARGET = 12.1;
				MTL_ENABLE_DEBUG_INFO = NO;
				MTL_FAST_MATH = YES;
				SDKROOT = iphoneos;
				SWIFT_COMPILATION_MODE = wholemodule;
				SWIFT_OPTIMIZATION_LEVEL = "-O";
				VALIDATE_PRODUCT = YES;
			};
			name = Release;
		};
		3D84EC4921B6F47B001FE7D6 /* Debug */ = {
			isa = XCBuildConfiguration;
			buildSettings = {
				ASSETCATALOG_COMPILER_APPICON_NAME = AppIcon;
				CODE_SIGN_STYLE = Automatic;
				DEVELOPMENT_TEAM = TS9YXP6NCY;
				INFOPLIST_FILE = "Shape Matching/Info.plist";
				LD_RUNPATH_SEARCH_PATHS = (
					"$(inherited)",
					"@executable_path/Frameworks",
				);
				PRODUCT_BUNDLE_IDENTIFIER = "com.JamisonBunge.Shape-Matching";
				PRODUCT_NAME = "$(TARGET_NAME)";
				SWIFT_VERSION = 4.2;
				TARGETED_DEVICE_FAMILY = "1,2";
			};
			name = Debug;
		};
		3D84EC4A21B6F47B001FE7D6 /* Release */ = {
			isa = XCBuildConfiguration;
			buildSettings = {
				ASSETCATALOG_COMPILER_APPICON_NAME = AppIcon;
				CODE_SIGN_STYLE = Automatic;
				DEVELOPMENT_TEAM = TS9YXP6NCY;
				INFOPLIST_FILE = "Shape Matching/Info.plist";
				LD_RUNPATH_SEARCH_PATHS = (
					"$(inherited)",
					"@executable_path/Frameworks",
				);
				PRODUCT_BUNDLE_IDENTIFIER = "com.JamisonBunge.Shape-Matching";
				PRODUCT_NAME = "$(TARGET_NAME)";
				SWIFT_VERSION = 4.2;
				TARGETED_DEVICE_FAMILY = "1,2";
			};
			name = Release;
		};
/* End XCBuildConfiguration section */

/* Begin XCConfigurationList section */
		3D84EC3121B6F47A001FE7D6 /* Build configuration list for PBXProject "Shape Matching" */ = {
			isa = XCConfigurationList;
			buildConfigurations = (
				3D84EC4621B6F47B001FE7D6 /* Debug */,
				3D84EC4721B6F47B001FE7D6 /* Release */,
			);
			defaultConfigurationIsVisible = 0;
			defaultConfigurationName = Release;
		};
		3D84EC4821B6F47B001FE7D6 /* Build configuration list for PBXNativeTarget "Shape Matching" */ = {
			isa = XCConfigurationList;
			buildConfigurations = (
				3D84EC4921B6F47B001FE7D6 /* Debug */,
				3D84EC4A21B6F47B001FE7D6 /* Release */,
			);
			defaultConfigurationIsVisible = 0;
			defaultConfigurationName = Release;
		};
/* End XCConfigurationList section */
	};
	rootObject = 3D84EC2E21B6F47A001FE7D6 /* Project object */;
}
